
Microsoft Visual Studio Solution File, Format Version 12.00
# Visual Studio Version 16
VisualStudioVersion = 16.0.31005.135
MinimumVisualStudioVersion = 10.0.40219.1
Project("{FAE04EC0-301F-11D3-BF4B-00C04F79EFBC}") = "Programe", "Programe.csproj", "{CAE888F9-3DD2-4E10-B92B-47B5EFFE2693}"
EndProject
Global
	GlobalSection(SolutionConfigurationPlatforms) = preSolution
		Debug|Any CPU = Debug|Any CPU
		Release|Any CPU = Release|Any CPU
	EndGlobalSection
	GlobalSection(ProjectConfigurationPlatforms) = postSolution
		{CAE888F9-3DD2-4E10-B92B-47B5EFFE2693}.Debug|Any CPU.ActiveCfg = Debug|Any CPU
		{CAE888F9-3DD2-4E10-B92B-47B5EFFE2693}.Debug|Any CPU.Build.0 = Debug|Any CPU
		{CAE888F9-3DD2-4E10-B92B-47B5EFFE2693}.Release|Any CPU.ActiveCfg = Release|Any CPU
		{CAE888F9-3DD2-4E10-B92B-47B5EFFE2693}.Release|Any CPU.Build.0 = Release|Any CPU
	EndGlobalSection
	GlobalSection(SolutionProperties) = preSolution
		HideSolutionNode = FALSE
	EndGlobalSection
	GlobalSection(ExtensibilityGlobals) = postSolution
		SolutionGuid = {F42DB863-0CDE-4086-A24A-9423CE1DF67B}
	EndGlobalSection
EndGlobal
