
Microsoft Visual Studio Solution File, Format Version 12.00
# Visual Studio Version 16
VisualStudioVersion = 16.0.31005.135
MinimumVisualStudioVersion = 10.0.40219.1
Project("{FAE04EC0-301F-11D3-BF4B-00C04F79EFBC}") = "Project2", "Project2.csproj", "{E871E9CF-75E0-4FEB-BB42-91C29CD4084F}"
EndProject
Global
	GlobalSection(SolutionConfigurationPlatforms) = preSolution
		Debug|Any CPU = Debug|Any CPU
		Release|Any CPU = Release|Any CPU
	EndGlobalSection
	GlobalSection(ProjectConfigurationPlatforms) = postSolution
		{E871E9CF-75E0-4FEB-BB42-91C29CD4084F}.Debug|Any CPU.ActiveCfg = Debug|Any CPU
		{E871E9CF-75E0-4FEB-BB42-91C29CD4084F}.Debug|Any CPU.Build.0 = Debug|Any CPU
		{E871E9CF-75E0-4FEB-BB42-91C29CD4084F}.Release|Any CPU.ActiveCfg = Release|Any CPU
		{E871E9CF-75E0-4FEB-BB42-91C29CD4084F}.Release|Any CPU.Build.0 = Release|Any CPU
	EndGlobalSection
	GlobalSection(SolutionProperties) = preSolution
		HideSolutionNode = FALSE
	EndGlobalSection
	GlobalSection(ExtensibilityGlobals) = postSolution
		SolutionGuid = {6D29AFAE-164D-4C3C-A4C2-963B88650C7A}
	EndGlobalSection
EndGlobal
